
Microsoft Visual Studio Solution File, Format Version 12.00
# Visual Studio 15
VisualStudioVersion = 15.0.27428.2027
MinimumVisualStudioVersion = 10.0.40219.1
Project("{FAE04EC0-301F-11D3-BF4B-00C04F79EFBC}") = "Hitta.Android", "Hitta\Hitta.Android\Hitta.Android.csproj", "{D382658C-051C-49CA-BDFA-300B9B54578E}"
EndProject
Project("{FAE04EC0-301F-11D3-BF4B-00C04F79EFBC}") = "Hitta.iOS", "Hitta\Hitta.iOS\Hitta.iOS.csproj", "{2B0CE86D-1D99-42D8-AF54-8377E3AE700E}"
EndProject
Project("{FAE04EC0-301F-11D3-BF4B-00C04F79EFBC}") = "Hitta.UWP", "Hitta\Hitta.UWP\Hitta.UWP.csproj", "{5079CAA5-C6BF-4860-B7E9-E5792C8B383B}"
EndProject
Project("{D954291E-2A0B-460D-934E-DC6B0785DB48}") = "Hitta", "Hitta\Hitta\Hitta.shproj", "{226CEA9A-0D4D-4512-80E7-012FE0C049AF}"
EndProject
Global
	GlobalSection(SharedMSBuildProjectFiles) = preSolution
		Hitta\Hitta\Hitta.projitems*{226cea9a-0d4d-4512-80e7-012fe0c049af}*SharedItemsImports = 13
		Hitta\Hitta\Hitta.projitems*{2b0ce86d-1d99-42d8-af54-8377e3ae700e}*SharedItemsImports = 4
		Hitta\Hitta\Hitta.projitems*{5079caa5-c6bf-4860-b7e9-e5792c8b383b}*SharedItemsImports = 4
		Hitta\Hitta\Hitta.projitems*{d382658c-051c-49ca-bdfa-300b9b54578e}*SharedItemsImports = 4
	EndGlobalSection
	GlobalSection(SolutionConfigurationPlatforms) = preSolution
		Ad-Hoc|Any CPU = Ad-Hoc|Any CPU
		Ad-Hoc|ARM = Ad-Hoc|ARM
		Ad-Hoc|iPhone = Ad-Hoc|iPhone
		Ad-Hoc|iPhoneSimulator = Ad-Hoc|iPhoneSimulator
		Ad-Hoc|x64 = Ad-Hoc|x64
		Ad-Hoc|x86 = Ad-Hoc|x86
		AppStore|Any CPU = AppStore|Any CPU
		AppStore|ARM = AppStore|ARM
		AppStore|iPhone = AppStore|iPhone
		AppStore|iPhoneSimulator = AppStore|iPhoneSimulator
		AppStore|x64 = AppStore|x64
		AppStore|x86 = AppStore|x86
		Debug|Any CPU = Debug|Any CPU
		Debug|ARM = Debug|ARM
		Debug|iPhone = Debug|iPhone
		Debug|iPhoneSimulator = Debug|iPhoneSimulator
		Debug|x64 = Debug|x64
		Debug|x86 = Debug|x86
		Release|Any CPU = Release|Any CPU
		Release|ARM = Release|ARM
		Release|iPhone = Release|iPhone
		Release|iPhoneSimulator = Release|iPhoneSimulator
		Release|x64 = Release|x64
		Release|x86 = Release|x86
	EndGlobalSection
	GlobalSection(ProjectConfigurationPlatforms) = postSolution
		{D382658C-051C-49CA-BDFA-300B9B54578E}.Ad-Hoc|Any CPU.ActiveCfg = Release|Any CPU
		{D382658C-051C-49CA-BDFA-300B9B54578E}.Ad-Hoc|Any CPU.Build.0 = Release|Any CPU
		{D382658C-051C-49CA-BDFA-300B9B54578E}.Ad-Hoc|Any CPU.Deploy.0 = Release|Any CPU
		{D382658C-051C-49CA-BDFA-300B9B54578E}.Ad-Hoc|ARM.ActiveCfg = Release|Any CPU
		{D382658C-051C-49CA-BDFA-300B9B54578E}.Ad-Hoc|ARM.Build.0 = Release|Any CPU
		{D382658C-051C-49CA-BDFA-300B9B54578E}.Ad-Hoc|ARM.Deploy.0 = Release|Any CPU
		{D382658C-051C-49CA-BDFA-300B9B54578E}.Ad-Hoc|iPhone.ActiveCfg = Release|Any CPU
		{D382658C-051C-49CA-BDFA-300B9B54578E}.Ad-Hoc|iPhone.Build.0 = Release|Any CPU
		{D382658C-051C-49CA-BDFA-300B9B54578E}.Ad-Hoc|iPhone.Deploy.0 = Release|Any CPU
		{D382658C-051C-49CA-BDFA-300B9B54578E}.Ad-Hoc|iPhoneSimulator.ActiveCfg = Release|Any CPU
		{D382658C-051C-49CA-BDFA-300B9B54578E}.Ad-Hoc|iPhoneSimulator.Build.0 = Release|Any CPU
		{D382658C-051C-49CA-BDFA-300B9B54578E}.Ad-Hoc|iPhoneSimulator.Deploy.0 = Release|Any CPU
		{D382658C-051C-49CA-BDFA-300B9B54578E}.Ad-Hoc|x64.ActiveCfg = Release|Any CPU
		{D382658C-051C-49CA-BDFA-300B9B54578E}.Ad-Hoc|x64.Build.0 = Release|Any CPU
		{D382658C-051C-49CA-BDFA-300B9B54578E}.Ad-Hoc|x64.Deploy.0 = Release|Any CPU
		{D382658C-051C-49CA-BDFA-300B9B54578E}.Ad-Hoc|x86.ActiveCfg = Release|Any CPU
		{D382658C-051C-49CA-BDFA-300B9B54578E}.Ad-Hoc|x86.Build.0 = Release|Any CPU
		{D382658C-051C-49CA-BDFA-300B9B54578E}.Ad-Hoc|x86.Deploy.0 = Release|Any CPU
		{D382658C-051C-49CA-BDFA-300B9B54578E}.AppStore|Any CPU.ActiveCfg = Release|Any CPU
		{D382658C-051C-49CA-BDFA-300B9B54578E}.AppStore|Any CPU.Build.0 = Release|Any CPU
		{D382658C-051C-49CA-BDFA-300B9B54578E}.AppStore|Any CPU.Deploy.0 = Release|Any CPU
		{D382658C-051C-49CA-BDFA-300B9B54578E}.AppStore|ARM.ActiveCfg = Release|Any CPU
		{D382658C-051C-49CA-BDFA-300B9B54578E}.AppStore|ARM.Build.0 = Release|Any CPU
		{D382658C-051C-49CA-BDFA-300B9B54578E}.AppStore|ARM.Deploy.0 = Release|Any CPU
		{D382658C-051C-49CA-BDFA-300B9B54578E}.AppStore|iPhone.ActiveCfg = Release|Any CPU
		{D382658C-051C-49CA-BDFA-300B9B54578E}.AppStore|iPhone.Build.0 = Release|Any CPU
		{D382658C-051C-49CA-BDFA-300B9B54578E}.AppStore|iPhone.Deploy.0 = Release|Any CPU
		{D382658C-051C-49CA-BDFA-300B9B54578E}.AppStore|iPhoneSimulator.ActiveCfg = Release|Any CPU
		{D382658C-051C-49CA-BDFA-300B9B54578E}.AppStore|iPhoneSimulator.Build.0 = Release|Any CPU
		{D382658C-051C-49CA-BDFA-300B9B54578E}.AppStore|iPhoneSimulator.Deploy.0 = Release|Any CPU
		{D382658C-051C-49CA-BDFA-300B9B54578E}.AppStore|x64.ActiveCfg = Release|Any CPU
		{D382658C-051C-49CA-BDFA-300B9B54578E}.AppStore|x64.Build.0 = Release|Any CPU
		{D382658C-051C-49CA-BDFA-300B9B54578E}.AppStore|x64.Deploy.0 = Release|Any CPU
		{D382658C-051C-49CA-BDFA-300B9B54578E}.AppStore|x86.ActiveCfg = Release|Any CPU
		{D382658C-051C-49CA-BDFA-300B9B54578E}.AppStore|x86.Build.0 = Release|Any CPU
		{D382658C-051C-49CA-BDFA-300B9B54578E}.AppStore|x86.Deploy.0 = Release|Any CPU
		{D382658C-051C-49CA-BDFA-300B9B54578E}.Debug|Any CPU.ActiveCfg = Debug|Any CPU
		{D382658C-051C-49CA-BDFA-300B9B54578E}.Debug|Any CPU.Build.0 = Debug|Any CPU
		{D382658C-051C-49CA-BDFA-300B9B54578E}.Debug|Any CPU.Deploy.0 = Debug|Any CPU
		{D382658C-051C-49CA-BDFA-300B9B54578E}.Debug|ARM.ActiveCfg = Debug|Any CPU
		{D382658C-051C-49CA-BDFA-300B9B54578E}.Debug|ARM.Build.0 = Debug|Any CPU
		{D382658C-051C-49CA-BDFA-300B9B54578E}.Debug|ARM.Deploy.0 = Debug|Any CPU
		{D382658C-051C-49CA-BDFA-300B9B54578E}.Debug|iPhone.ActiveCfg = Debug|Any CPU
		{D382658C-051C-49CA-BDFA-300B9B54578E}.Debug|iPhone.Build.0 = Debug|Any CPU
		{D382658C-051C-49CA-BDFA-300B9B54578E}.Debug|iPhone.Deploy.0 = Debug|Any CPU
		{D382658C-051C-49CA-BDFA-300B9B54578E}.Debug|iPhoneSimulator.ActiveCfg = Debug|Any CPU
		{D382658C-051C-49CA-BDFA-300B9B54578E}.Debug|iPhoneSimulator.Build.0 = Debug|Any CPU
		{D382658C-051C-49CA-BDFA-300B9B54578E}.Debug|iPhoneSimulator.Deploy.0 = Debug|Any CPU
		{D382658C-051C-49CA-BDFA-300B9B54578E}.Debug|x64.ActiveCfg = Debug|Any CPU
		{D382658C-051C-49CA-BDFA-300B9B54578E}.Debug|x64.Build.0 = Debug|Any CPU
		{D382658C-051C-49CA-BDFA-300B9B54578E}.Debug|x64.Deploy.0 = Debug|Any CPU
		{D382658C-051C-49CA-BDFA-300B9B54578E}.Debug|x86.ActiveCfg = Debug|Any CPU
		{D382658C-051C-49CA-BDFA-300B9B54578E}.Debug|x86.Build.0 = Debug|Any CPU
		{D382658C-051C-49CA-BDFA-300B9B54578E}.Debug|x86.Deploy.0 = Debug|Any CPU
		{D382658C-051C-49CA-BDFA-300B9B54578E}.Release|Any CPU.ActiveCfg = Release|Any CPU
		{D382658C-051C-49CA-BDFA-300B9B54578E}.Release|Any CPU.Build.0 = Release|Any CPU
		{D382658C-051C-49CA-BDFA-300B9B54578E}.Release|Any CPU.Deploy.0 = Release|Any CPU
		{D382658C-051C-49CA-BDFA-300B9B54578E}.Release|ARM.ActiveCfg = Release|Any CPU
		{D382658C-051C-49CA-BDFA-300B9B54578E}.Release|ARM.Build.0 = Release|Any CPU
		{D382658C-051C-49CA-BDFA-300B9B54578E}.Release|ARM.Deploy.0 = Release|Any CPU
		{D382658C-051C-49CA-BDFA-300B9B54578E}.Release|iPhone.ActiveCfg = Release|Any CPU
		{D382658C-051C-49CA-BDFA-300B9B54578E}.Release|iPhone.Build.0 = Release|Any CPU
		{D382658C-051C-49CA-BDFA-300B9B54578E}.Release|iPhone.Deploy.0 = Release|Any CPU
		{D382658C-051C-49CA-BDFA-300B9B54578E}.Release|iPhoneSimulator.ActiveCfg = Release|Any CPU
		{D382658C-051C-49CA-BDFA-300B9B54578E}.Release|iPhoneSimulator.Build.0 = Release|Any CPU
		{D382658C-051C-49CA-BDFA-300B9B54578E}.Release|iPhoneSimulator.Deploy.0 = Release|Any CPU
		{D382658C-051C-49CA-BDFA-300B9B54578E}.Release|x64.ActiveCfg = Release|Any CPU
		{D382658C-051C-49CA-BDFA-300B9B54578E}.Release|x64.Build.0 = Release|Any CPU
		{D382658C-051C-49CA-BDFA-300B9B54578E}.Release|x64.Deploy.0 = Release|Any CPU
		{D382658C-051C-49CA-BDFA-300B9B54578E}.Release|x86.ActiveCfg = Release|Any CPU
		{D382658C-051C-49CA-BDFA-300B9B54578E}.Release|x86.Build.0 = Release|Any CPU
		{D382658C-051C-49CA-BDFA-300B9B54578E}.Release|x86.Deploy.0 = Release|Any CPU
		{2B0CE86D-1D99-42D8-AF54-8377E3AE700E}.Ad-Hoc|Any CPU.ActiveCfg = Ad-Hoc|iPhone
		{2B0CE86D-1D99-42D8-AF54-8377E3AE700E}.Ad-Hoc|ARM.ActiveCfg = Ad-Hoc|iPhone
		{2B0CE86D-1D99-42D8-AF54-8377E3AE700E}.Ad-Hoc|iPhone.ActiveCfg = Ad-Hoc|iPhone
		{2B0CE86D-1D99-42D8-AF54-8377E3AE700E}.Ad-Hoc|iPhone.Build.0 = Ad-Hoc|iPhone
		{2B0CE86D-1D99-42D8-AF54-8377E3AE700E}.Ad-Hoc|iPhoneSimulator.ActiveCfg = Ad-Hoc|iPhoneSimulator
		{2B0CE86D-1D99-42D8-AF54-8377E3AE700E}.Ad-Hoc|iPhoneSimulator.Build.0 = Ad-Hoc|iPhoneSimulator
		{2B0CE86D-1D99-42D8-AF54-8377E3AE700E}.Ad-Hoc|x64.ActiveCfg = Ad-Hoc|iPhone
		{2B0CE86D-1D99-42D8-AF54-8377E3AE700E}.Ad-Hoc|x86.ActiveCfg = Ad-Hoc|iPhone
		{2B0CE86D-1D99-42D8-AF54-8377E3AE700E}.AppStore|Any CPU.ActiveCfg = AppStore|iPhone
		{2B0CE86D-1D99-42D8-AF54-8377E3AE700E}.AppStore|ARM.ActiveCfg = AppStore|iPhone
		{2B0CE86D-1D99-42D8-AF54-8377E3AE700E}.AppStore|iPhone.ActiveCfg = AppStore|iPhone
		{2B0CE86D-1D99-42D8-AF54-8377E3AE700E}.AppStore|iPhone.Build.0 = AppStore|iPhone
		{2B0CE86D-1D99-42D8-AF54-8377E3AE700E}.AppStore|iPhoneSimulator.ActiveCfg = AppStore|iPhoneSimulator
		{2B0CE86D-1D99-42D8-AF54-8377E3AE700E}.AppStore|iPhoneSimulator.Build.0 = AppStore|iPhoneSimulator
		{2B0CE86D-1D99-42D8-AF54-8377E3AE700E}.AppStore|x64.ActiveCfg = AppStore|iPhone
		{2B0CE86D-1D99-42D8-AF54-8377E3AE700E}.AppStore|x86.ActiveCfg = AppStore|iPhone
		{2B0CE86D-1D99-42D8-AF54-8377E3AE700E}.Debug|Any CPU.ActiveCfg = Debug|iPhone
		{2B0CE86D-1D99-42D8-AF54-8377E3AE700E}.Debug|ARM.ActiveCfg = Debug|iPhone
		{2B0CE86D-1D99-42D8-AF54-8377E3AE700E}.Debug|iPhone.ActiveCfg = Debug|iPhone
		{2B0CE86D-1D99-42D8-AF54-8377E3AE700E}.Debug|iPhone.Build.0 = Debug|iPhone
		{2B0CE86D-1D99-42D8-AF54-8377E3AE700E}.Debug|iPhoneSimulator.ActiveCfg = Debug|iPhoneSimulator
		{2B0CE86D-1D99-42D8-AF54-8377E3AE700E}.Debug|iPhoneSimulator.Build.0 = Debug|iPhoneSimulator
		{2B0CE86D-1D99-42D8-AF54-8377E3AE700E}.Debug|x64.ActiveCfg = Debug|iPhone
		{2B0CE86D-1D99-42D8-AF54-8377E3AE700E}.Debug|x86.ActiveCfg = Debug|iPhone
		{2B0CE86D-1D99-42D8-AF54-8377E3AE700E}.Release|Any CPU.ActiveCfg = Release|iPhone
		{2B0CE86D-1D99-42D8-AF54-8377E3AE700E}.Release|ARM.ActiveCfg = Release|iPhone
		{2B0CE86D-1D99-42D8-AF54-8377E3AE700E}.Release|iPhone.ActiveCfg = Release|iPhone
		{2B0CE86D-1D99-42D8-AF54-8377E3AE700E}.Release|iPhone.Build.0 = Release|iPhone
		{2B0CE86D-1D99-42D8-AF54-8377E3AE700E}.Release|iPhoneSimulator.ActiveCfg = Release|iPhoneSimulator
		{2B0CE86D-1D99-42D8-AF54-8377E3AE700E}.Release|iPhoneSimulator.Build.0 = Release|iPhoneSimulator
		{2B0CE86D-1D99-42D8-AF54-8377E3AE700E}.Release|x64.ActiveCfg = Release|iPhone
		{2B0CE86D-1D99-42D8-AF54-8377E3AE700E}.Release|x86.ActiveCfg = Release|iPhone
		{5079CAA5-C6BF-4860-B7E9-E5792C8B383B}.Ad-Hoc|Any CPU.ActiveCfg = Release|x86
		{5079CAA5-C6BF-4860-B7E9-E5792C8B383B}.Ad-Hoc|Any CPU.Build.0 = Release|x86
		{5079CAA5-C6BF-4860-B7E9-E5792C8B383B}.Ad-Hoc|Any CPU.Deploy.0 = Release|x86
		{5079CAA5-C6BF-4860-B7E9-E5792C8B383B}.Ad-Hoc|ARM.ActiveCfg = Release|ARM
		{5079CAA5-C6BF-4860-B7E9-E5792C8B383B}.Ad-Hoc|ARM.Build.0 = Release|ARM
		{5079CAA5-C6BF-4860-B7E9-E5792C8B383B}.Ad-Hoc|ARM.Deploy.0 = Release|ARM
		{5079CAA5-C6BF-4860-B7E9-E5792C8B383B}.Ad-Hoc|iPhone.ActiveCfg = Release|x86
		{5079CAA5-C6BF-4860-B7E9-E5792C8B383B}.Ad-Hoc|iPhone.Build.0 = Release|x86
		{5079CAA5-C6BF-4860-B7E9-E5792C8B383B}.Ad-Hoc|iPhone.Deploy.0 = Release|x86
		{5079CAA5-C6BF-4860-B7E9-E5792C8B383B}.Ad-Hoc|iPhoneSimulator.ActiveCfg = Release|x86
		{5079CAA5-C6BF-4860-B7E9-E5792C8B383B}.Ad-Hoc|iPhoneSimulator.Build.0 = Release|x86
		{5079CAA5-C6BF-4860-B7E9-E5792C8B383B}.Ad-Hoc|iPhoneSimulator.Deploy.0 = Release|x86
		{5079CAA5-C6BF-4860-B7E9-E5792C8B383B}.Ad-Hoc|x64.ActiveCfg = Release|x64
		{5079CAA5-C6BF-4860-B7E9-E5792C8B383B}.Ad-Hoc|x64.Build.0 = Release|x64
		{5079CAA5-C6BF-4860-B7E9-E5792C8B383B}.Ad-Hoc|x64.Deploy.0 = Release|x64
		{5079CAA5-C6BF-4860-B7E9-E5792C8B383B}.Ad-Hoc|x86.ActiveCfg = Release|x86
		{5079CAA5-C6BF-4860-B7E9-E5792C8B383B}.Ad-Hoc|x86.Build.0 = Release|x86
		{5079CAA5-C6BF-4860-B7E9-E5792C8B383B}.Ad-Hoc|x86.Deploy.0 = Release|x86
		{5079CAA5-C6BF-4860-B7E9-E5792C8B383B}.AppStore|Any CPU.ActiveCfg = Release|x86
		{5079CAA5-C6BF-4860-B7E9-E5792C8B383B}.AppStore|Any CPU.Build.0 = Release|x86
		{5079CAA5-C6BF-4860-B7E9-E5792C8B383B}.AppStore|Any CPU.Deploy.0 = Release|x86
		{5079CAA5-C6BF-4860-B7E9-E5792C8B383B}.AppStore|ARM.ActiveCfg = Release|ARM
		{5079CAA5-C6BF-4860-B7E9-E5792C8B383B}.AppStore|ARM.Build.0 = Release|ARM
		{5079CAA5-C6BF-4860-B7E9-E5792C8B383B}.AppStore|ARM.Deploy.0 = Release|ARM
		{5079CAA5-C6BF-4860-B7E9-E5792C8B383B}.AppStore|iPhone.ActiveCfg = Release|x86
		{5079CAA5-C6BF-4860-B7E9-E5792C8B383B}.AppStore|iPhone.Build.0 = Release|x86
		{5079CAA5-C6BF-4860-B7E9-E5792C8B383B}.AppStore|iPhone.Deploy.0 = Release|x86
		{5079CAA5-C6BF-4860-B7E9-E5792C8B383B}.AppStore|iPhoneSimulator.ActiveCfg = Release|x86
		{5079CAA5-C6BF-4860-B7E9-E5792C8B383B}.AppStore|iPhoneSimulator.Build.0 = Release|x86
		{5079CAA5-C6BF-4860-B7E9-E5792C8B383B}.AppStore|iPhoneSimulator.Deploy.0 = Release|x86
		{5079CAA5-C6BF-4860-B7E9-E5792C8B383B}.AppStore|x64.ActiveCfg = Release|x64
		{5079CAA5-C6BF-4860-B7E9-E5792C8B383B}.AppStore|x64.Build.0 = Release|x64
		{5079CAA5-C6BF-4860-B7E9-E5792C8B383B}.AppStore|x64.Deploy.0 = Release|x64
		{5079CAA5-C6BF-4860-B7E9-E5792C8B383B}.AppStore|x86.ActiveCfg = Release|x86
		{5079CAA5-C6BF-4860-B7E9-E5792C8B383B}.AppStore|x86.Build.0 = Release|x86
		{5079CAA5-C6BF-4860-B7E9-E5792C8B383B}.AppStore|x86.Deploy.0 = Release|x86
		{5079CAA5-C6BF-4860-B7E9-E5792C8B383B}.Debug|Any CPU.ActiveCfg = Debug|x86
		{5079CAA5-C6BF-4860-B7E9-E5792C8B383B}.Debug|ARM.ActiveCfg = Debug|ARM
		{5079CAA5-C6BF-4860-B7E9-E5792C8B383B}.Debug|ARM.Build.0 = Debug|ARM
		{5079CAA5-C6BF-4860-B7E9-E5792C8B383B}.Debug|ARM.Deploy.0 = Debug|ARM
		{5079CAA5-C6BF-4860-B7E9-E5792C8B383B}.Debug|iPhone.ActiveCfg = Debug|x86
		{5079CAA5-C6BF-4860-B7E9-E5792C8B383B}.Debug|iPhoneSimulator.ActiveCfg = Debug|x86
		{5079CAA5-C6BF-4860-B7E9-E5792C8B383B}.Debug|x64.ActiveCfg = Debug|x64
		{5079CAA5-C6BF-4860-B7E9-E5792C8B383B}.Debug|x64.Build.0 = Debug|x64
		{5079CAA5-C6BF-4860-B7E9-E5792C8B383B}.Debug|x64.Deploy.0 = Debug|x64
		{5079CAA5-C6BF-4860-B7E9-E5792C8B383B}.Debug|x86.ActiveCfg = Debug|x86
		{5079CAA5-C6BF-4860-B7E9-E5792C8B383B}.Debug|x86.Build.0 = Debug|x86
		{5079CAA5-C6BF-4860-B7E9-E5792C8B383B}.Debug|x86.Deploy.0 = Debug|x86
		{5079CAA5-C6BF-4860-B7E9-E5792C8B383B}.Release|Any CPU.ActiveCfg = Release|x86
		{5079CAA5-C6BF-4860-B7E9-E5792C8B383B}.Release|ARM.ActiveCfg = Release|ARM
		{5079CAA5-C6BF-4860-B7E9-E5792C8B383B}.Release|ARM.Build.0 = Release|ARM
		{5079CAA5-C6BF-4860-B7E9-E5792C8B383B}.Release|ARM.Deploy.0 = Release|ARM
		{5079CAA5-C6BF-4860-B7E9-E5792C8B383B}.Release|iPhone.ActiveCfg = Release|x86
		{5079CAA5-C6BF-4860-B7E9-E5792C8B383B}.Release|iPhoneSimulator.ActiveCfg = Release|x86
		{5079CAA5-C6BF-4860-B7E9-E5792C8B383B}.Release|x64.ActiveCfg = Release|x64
		{5079CAA5-C6BF-4860-B7E9-E5792C8B383B}.Release|x64.Build.0 = Release|x64
		{5079CAA5-C6BF-4860-B7E9-E5792C8B383B}.Release|x64.Deploy.0 = Release|x64
		{5079CAA5-C6BF-4860-B7E9-E5792C8B383B}.Release|x86.ActiveCfg = Release|x86
		{5079CAA5-C6BF-4860-B7E9-E5792C8B383B}.Release|x86.Build.0 = Release|x86
		{5079CAA5-C6BF-4860-B7E9-E5792C8B383B}.Release|x86.Deploy.0 = Release|x86
	EndGlobalSection
	GlobalSection(SolutionProperties) = preSolution
		HideSolutionNode = FALSE
	EndGlobalSection
	GlobalSection(ExtensibilityGlobals) = postSolution
		SolutionGuid = {D11B968B-4B05-43CE-899D-3F11DBD5961C}
	EndGlobalSection
EndGlobal
