
Microsoft Visual Studio Solution File, Format Version 12.00
# Visual Studio 15
VisualStudioVersion = 15.0.27428.2027
MinimumVisualStudioVersion = 10.0.40219.1
Project("{FAE04EC0-301F-11D3-BF4B-00C04F79EFBC}") = "Hitta.Android", "Hitta\Hitta.Android\Hitta.Android.csproj", "{257220CE-D9BB-4028-B6CB-88797F033A5D}"
EndProject
Project("{FAE04EC0-301F-11D3-BF4B-00C04F79EFBC}") = "Hitta.iOS", "Hitta\Hitta.iOS\Hitta.iOS.csproj", "{E248EBE5-E5C9-4D78-AD03-C9724EA5617F}"
EndProject
Project("{FAE04EC0-301F-11D3-BF4B-00C04F79EFBC}") = "Hitta.UWP", "Hitta\Hitta.UWP\Hitta.UWP.csproj", "{CCF3A701-9477-48B2-8A40-2206C16CF3B0}"
EndProject
Project("{FAE04EC0-301F-11D3-BF4B-00C04F79EFBC}") = "Hitta", "Hitta\Hitta\Hitta.csproj", "{2468953F-6EB8-4009-89BE-4A0B702F1E6F}"
EndProject
Global
	GlobalSection(SolutionConfigurationPlatforms) = preSolution
		Ad-Hoc|Any CPU = Ad-Hoc|Any CPU
		Ad-Hoc|ARM = Ad-Hoc|ARM
		Ad-Hoc|iPhone = Ad-Hoc|iPhone
		Ad-Hoc|iPhoneSimulator = Ad-Hoc|iPhoneSimulator
		Ad-Hoc|x64 = Ad-Hoc|x64
		Ad-Hoc|x86 = Ad-Hoc|x86
		AppStore|Any CPU = AppStore|Any CPU
		AppStore|ARM = AppStore|ARM
		AppStore|iPhone = AppStore|iPhone
		AppStore|iPhoneSimulator = AppStore|iPhoneSimulator
		AppStore|x64 = AppStore|x64
		AppStore|x86 = AppStore|x86
		Debug|Any CPU = Debug|Any CPU
		Debug|ARM = Debug|ARM
		Debug|iPhone = Debug|iPhone
		Debug|iPhoneSimulator = Debug|iPhoneSimulator
		Debug|x64 = Debug|x64
		Debug|x86 = Debug|x86
		Release|Any CPU = Release|Any CPU
		Release|ARM = Release|ARM
		Release|iPhone = Release|iPhone
		Release|iPhoneSimulator = Release|iPhoneSimulator
		Release|x64 = Release|x64
		Release|x86 = Release|x86
	EndGlobalSection
	GlobalSection(ProjectConfigurationPlatforms) = postSolution
		{257220CE-D9BB-4028-B6CB-88797F033A5D}.Ad-Hoc|Any CPU.ActiveCfg = Release|Any CPU
		{257220CE-D9BB-4028-B6CB-88797F033A5D}.Ad-Hoc|Any CPU.Build.0 = Release|Any CPU
		{257220CE-D9BB-4028-B6CB-88797F033A5D}.Ad-Hoc|Any CPU.Deploy.0 = Release|Any CPU
		{257220CE-D9BB-4028-B6CB-88797F033A5D}.Ad-Hoc|ARM.ActiveCfg = Release|Any CPU
		{257220CE-D9BB-4028-B6CB-88797F033A5D}.Ad-Hoc|ARM.Build.0 = Release|Any CPU
		{257220CE-D9BB-4028-B6CB-88797F033A5D}.Ad-Hoc|ARM.Deploy.0 = Release|Any CPU
		{257220CE-D9BB-4028-B6CB-88797F033A5D}.Ad-Hoc|iPhone.ActiveCfg = Release|Any CPU
		{257220CE-D9BB-4028-B6CB-88797F033A5D}.Ad-Hoc|iPhone.Build.0 = Release|Any CPU
		{257220CE-D9BB-4028-B6CB-88797F033A5D}.Ad-Hoc|iPhone.Deploy.0 = Release|Any CPU
		{257220CE-D9BB-4028-B6CB-88797F033A5D}.Ad-Hoc|iPhoneSimulator.ActiveCfg = Release|Any CPU
		{257220CE-D9BB-4028-B6CB-88797F033A5D}.Ad-Hoc|iPhoneSimulator.Build.0 = Release|Any CPU
		{257220CE-D9BB-4028-B6CB-88797F033A5D}.Ad-Hoc|iPhoneSimulator.Deploy.0 = Release|Any CPU
		{257220CE-D9BB-4028-B6CB-88797F033A5D}.Ad-Hoc|x64.ActiveCfg = Release|Any CPU
		{257220CE-D9BB-4028-B6CB-88797F033A5D}.Ad-Hoc|x64.Build.0 = Release|Any CPU
		{257220CE-D9BB-4028-B6CB-88797F033A5D}.Ad-Hoc|x64.Deploy.0 = Release|Any CPU
		{257220CE-D9BB-4028-B6CB-88797F033A5D}.Ad-Hoc|x86.ActiveCfg = Release|Any CPU
		{257220CE-D9BB-4028-B6CB-88797F033A5D}.Ad-Hoc|x86.Build.0 = Release|Any CPU
		{257220CE-D9BB-4028-B6CB-88797F033A5D}.Ad-Hoc|x86.Deploy.0 = Release|Any CPU
		{257220CE-D9BB-4028-B6CB-88797F033A5D}.AppStore|Any CPU.ActiveCfg = Release|Any CPU
		{257220CE-D9BB-4028-B6CB-88797F033A5D}.AppStore|Any CPU.Build.0 = Release|Any CPU
		{257220CE-D9BB-4028-B6CB-88797F033A5D}.AppStore|Any CPU.Deploy.0 = Release|Any CPU
		{257220CE-D9BB-4028-B6CB-88797F033A5D}.AppStore|ARM.ActiveCfg = Release|Any CPU
		{257220CE-D9BB-4028-B6CB-88797F033A5D}.AppStore|ARM.Build.0 = Release|Any CPU
		{257220CE-D9BB-4028-B6CB-88797F033A5D}.AppStore|ARM.Deploy.0 = Release|Any CPU
		{257220CE-D9BB-4028-B6CB-88797F033A5D}.AppStore|iPhone.ActiveCfg = Release|Any CPU
		{257220CE-D9BB-4028-B6CB-88797F033A5D}.AppStore|iPhone.Build.0 = Release|Any CPU
		{257220CE-D9BB-4028-B6CB-88797F033A5D}.AppStore|iPhone.Deploy.0 = Release|Any CPU
		{257220CE-D9BB-4028-B6CB-88797F033A5D}.AppStore|iPhoneSimulator.ActiveCfg = Release|Any CPU
		{257220CE-D9BB-4028-B6CB-88797F033A5D}.AppStore|iPhoneSimulator.Build.0 = Release|Any CPU
		{257220CE-D9BB-4028-B6CB-88797F033A5D}.AppStore|iPhoneSimulator.Deploy.0 = Release|Any CPU
		{257220CE-D9BB-4028-B6CB-88797F033A5D}.AppStore|x64.ActiveCfg = Release|Any CPU
		{257220CE-D9BB-4028-B6CB-88797F033A5D}.AppStore|x64.Build.0 = Release|Any CPU
		{257220CE-D9BB-4028-B6CB-88797F033A5D}.AppStore|x64.Deploy.0 = Release|Any CPU
		{257220CE-D9BB-4028-B6CB-88797F033A5D}.AppStore|x86.ActiveCfg = Release|Any CPU
		{257220CE-D9BB-4028-B6CB-88797F033A5D}.AppStore|x86.Build.0 = Release|Any CPU
		{257220CE-D9BB-4028-B6CB-88797F033A5D}.AppStore|x86.Deploy.0 = Release|Any CPU
		{257220CE-D9BB-4028-B6CB-88797F033A5D}.Debug|Any CPU.ActiveCfg = Debug|Any CPU
		{257220CE-D9BB-4028-B6CB-88797F033A5D}.Debug|Any CPU.Build.0 = Debug|Any CPU
		{257220CE-D9BB-4028-B6CB-88797F033A5D}.Debug|Any CPU.Deploy.0 = Debug|Any CPU
		{257220CE-D9BB-4028-B6CB-88797F033A5D}.Debug|ARM.ActiveCfg = Debug|Any CPU
		{257220CE-D9BB-4028-B6CB-88797F033A5D}.Debug|ARM.Build.0 = Debug|Any CPU
		{257220CE-D9BB-4028-B6CB-88797F033A5D}.Debug|ARM.Deploy.0 = Debug|Any CPU
		{257220CE-D9BB-4028-B6CB-88797F033A5D}.Debug|iPhone.ActiveCfg = Debug|Any CPU
		{257220CE-D9BB-4028-B6CB-88797F033A5D}.Debug|iPhone.Build.0 = Debug|Any CPU
		{257220CE-D9BB-4028-B6CB-88797F033A5D}.Debug|iPhone.Deploy.0 = Debug|Any CPU
		{257220CE-D9BB-4028-B6CB-88797F033A5D}.Debug|iPhoneSimulator.ActiveCfg = Debug|Any CPU
		{257220CE-D9BB-4028-B6CB-88797F033A5D}.Debug|iPhoneSimulator.Build.0 = Debug|Any CPU
		{257220CE-D9BB-4028-B6CB-88797F033A5D}.Debug|iPhoneSimulator.Deploy.0 = Debug|Any CPU
		{257220CE-D9BB-4028-B6CB-88797F033A5D}.Debug|x64.ActiveCfg = Debug|Any CPU
		{257220CE-D9BB-4028-B6CB-88797F033A5D}.Debug|x64.Build.0 = Debug|Any CPU
		{257220CE-D9BB-4028-B6CB-88797F033A5D}.Debug|x64.Deploy.0 = Debug|Any CPU
		{257220CE-D9BB-4028-B6CB-88797F033A5D}.Debug|x86.ActiveCfg = Debug|Any CPU
		{257220CE-D9BB-4028-B6CB-88797F033A5D}.Debug|x86.Build.0 = Debug|Any CPU
		{257220CE-D9BB-4028-B6CB-88797F033A5D}.Debug|x86.Deploy.0 = Debug|Any CPU
		{257220CE-D9BB-4028-B6CB-88797F033A5D}.Release|Any CPU.ActiveCfg = Release|Any CPU
		{257220CE-D9BB-4028-B6CB-88797F033A5D}.Release|Any CPU.Build.0 = Release|Any CPU
		{257220CE-D9BB-4028-B6CB-88797F033A5D}.Release|Any CPU.Deploy.0 = Release|Any CPU
		{257220CE-D9BB-4028-B6CB-88797F033A5D}.Release|ARM.ActiveCfg = Release|Any CPU
		{257220CE-D9BB-4028-B6CB-88797F033A5D}.Release|ARM.Build.0 = Release|Any CPU
		{257220CE-D9BB-4028-B6CB-88797F033A5D}.Release|ARM.Deploy.0 = Release|Any CPU
		{257220CE-D9BB-4028-B6CB-88797F033A5D}.Release|iPhone.ActiveCfg = Release|Any CPU
		{257220CE-D9BB-4028-B6CB-88797F033A5D}.Release|iPhone.Build.0 = Release|Any CPU
		{257220CE-D9BB-4028-B6CB-88797F033A5D}.Release|iPhone.Deploy.0 = Release|Any CPU
		{257220CE-D9BB-4028-B6CB-88797F033A5D}.Release|iPhoneSimulator.ActiveCfg = Release|Any CPU
		{257220CE-D9BB-4028-B6CB-88797F033A5D}.Release|iPhoneSimulator.Build.0 = Release|Any CPU
		{257220CE-D9BB-4028-B6CB-88797F033A5D}.Release|iPhoneSimulator.Deploy.0 = Release|Any CPU
		{257220CE-D9BB-4028-B6CB-88797F033A5D}.Release|x64.ActiveCfg = Release|Any CPU
		{257220CE-D9BB-4028-B6CB-88797F033A5D}.Release|x64.Build.0 = Release|Any CPU
		{257220CE-D9BB-4028-B6CB-88797F033A5D}.Release|x64.Deploy.0 = Release|Any CPU
		{257220CE-D9BB-4028-B6CB-88797F033A5D}.Release|x86.ActiveCfg = Release|Any CPU
		{257220CE-D9BB-4028-B6CB-88797F033A5D}.Release|x86.Build.0 = Release|Any CPU
		{257220CE-D9BB-4028-B6CB-88797F033A5D}.Release|x86.Deploy.0 = Release|Any CPU
		{E248EBE5-E5C9-4D78-AD03-C9724EA5617F}.Ad-Hoc|Any CPU.ActiveCfg = Ad-Hoc|iPhone
		{E248EBE5-E5C9-4D78-AD03-C9724EA5617F}.Ad-Hoc|ARM.ActiveCfg = Ad-Hoc|iPhone
		{E248EBE5-E5C9-4D78-AD03-C9724EA5617F}.Ad-Hoc|iPhone.ActiveCfg = Ad-Hoc|iPhone
		{E248EBE5-E5C9-4D78-AD03-C9724EA5617F}.Ad-Hoc|iPhone.Build.0 = Ad-Hoc|iPhone
		{E248EBE5-E5C9-4D78-AD03-C9724EA5617F}.Ad-Hoc|iPhoneSimulator.ActiveCfg = Ad-Hoc|iPhoneSimulator
		{E248EBE5-E5C9-4D78-AD03-C9724EA5617F}.Ad-Hoc|iPhoneSimulator.Build.0 = Ad-Hoc|iPhoneSimulator
		{E248EBE5-E5C9-4D78-AD03-C9724EA5617F}.Ad-Hoc|x64.ActiveCfg = Ad-Hoc|iPhone
		{E248EBE5-E5C9-4D78-AD03-C9724EA5617F}.Ad-Hoc|x86.ActiveCfg = Ad-Hoc|iPhone
		{E248EBE5-E5C9-4D78-AD03-C9724EA5617F}.AppStore|Any CPU.ActiveCfg = AppStore|iPhone
		{E248EBE5-E5C9-4D78-AD03-C9724EA5617F}.AppStore|ARM.ActiveCfg = AppStore|iPhone
		{E248EBE5-E5C9-4D78-AD03-C9724EA5617F}.AppStore|iPhone.ActiveCfg = AppStore|iPhone
		{E248EBE5-E5C9-4D78-AD03-C9724EA5617F}.AppStore|iPhone.Build.0 = AppStore|iPhone
		{E248EBE5-E5C9-4D78-AD03-C9724EA5617F}.AppStore|iPhoneSimulator.ActiveCfg = AppStore|iPhoneSimulator
		{E248EBE5-E5C9-4D78-AD03-C9724EA5617F}.AppStore|iPhoneSimulator.Build.0 = AppStore|iPhoneSimulator
		{E248EBE5-E5C9-4D78-AD03-C9724EA5617F}.AppStore|x64.ActiveCfg = AppStore|iPhone
		{E248EBE5-E5C9-4D78-AD03-C9724EA5617F}.AppStore|x86.ActiveCfg = AppStore|iPhone
		{E248EBE5-E5C9-4D78-AD03-C9724EA5617F}.Debug|Any CPU.ActiveCfg = Debug|iPhone
		{E248EBE5-E5C9-4D78-AD03-C9724EA5617F}.Debug|ARM.ActiveCfg = Debug|iPhone
		{E248EBE5-E5C9-4D78-AD03-C9724EA5617F}.Debug|iPhone.ActiveCfg = Debug|iPhone
		{E248EBE5-E5C9-4D78-AD03-C9724EA5617F}.Debug|iPhone.Build.0 = Debug|iPhone
		{E248EBE5-E5C9-4D78-AD03-C9724EA5617F}.Debug|iPhoneSimulator.ActiveCfg = Debug|iPhoneSimulator
		{E248EBE5-E5C9-4D78-AD03-C9724EA5617F}.Debug|iPhoneSimulator.Build.0 = Debug|iPhoneSimulator
		{E248EBE5-E5C9-4D78-AD03-C9724EA5617F}.Debug|x64.ActiveCfg = Debug|iPhone
		{E248EBE5-E5C9-4D78-AD03-C9724EA5617F}.Debug|x86.ActiveCfg = Debug|iPhone
		{E248EBE5-E5C9-4D78-AD03-C9724EA5617F}.Release|Any CPU.ActiveCfg = Release|iPhone
		{E248EBE5-E5C9-4D78-AD03-C9724EA5617F}.Release|ARM.ActiveCfg = Release|iPhone
		{E248EBE5-E5C9-4D78-AD03-C9724EA5617F}.Release|iPhone.ActiveCfg = Release|iPhone
		{E248EBE5-E5C9-4D78-AD03-C9724EA5617F}.Release|iPhone.Build.0 = Release|iPhone
		{E248EBE5-E5C9-4D78-AD03-C9724EA5617F}.Release|iPhoneSimulator.ActiveCfg = Release|iPhoneSimulator
		{E248EBE5-E5C9-4D78-AD03-C9724EA5617F}.Release|iPhoneSimulator.Build.0 = Release|iPhoneSimulator
		{E248EBE5-E5C9-4D78-AD03-C9724EA5617F}.Release|x64.ActiveCfg = Release|iPhone
		{E248EBE5-E5C9-4D78-AD03-C9724EA5617F}.Release|x86.ActiveCfg = Release|iPhone
		{CCF3A701-9477-48B2-8A40-2206C16CF3B0}.Ad-Hoc|Any CPU.ActiveCfg = Release|x86
		{CCF3A701-9477-48B2-8A40-2206C16CF3B0}.Ad-Hoc|Any CPU.Build.0 = Release|x86
		{CCF3A701-9477-48B2-8A40-2206C16CF3B0}.Ad-Hoc|Any CPU.Deploy.0 = Release|x86
		{CCF3A701-9477-48B2-8A40-2206C16CF3B0}.Ad-Hoc|ARM.ActiveCfg = Release|ARM
		{CCF3A701-9477-48B2-8A40-2206C16CF3B0}.Ad-Hoc|ARM.Build.0 = Release|ARM
		{CCF3A701-9477-48B2-8A40-2206C16CF3B0}.Ad-Hoc|ARM.Deploy.0 = Release|ARM
		{CCF3A701-9477-48B2-8A40-2206C16CF3B0}.Ad-Hoc|iPhone.ActiveCfg = Release|x86
		{CCF3A701-9477-48B2-8A40-2206C16CF3B0}.Ad-Hoc|iPhone.Build.0 = Release|x86
		{CCF3A701-9477-48B2-8A40-2206C16CF3B0}.Ad-Hoc|iPhone.Deploy.0 = Release|x86
		{CCF3A701-9477-48B2-8A40-2206C16CF3B0}.Ad-Hoc|iPhoneSimulator.ActiveCfg = Release|x86
		{CCF3A701-9477-48B2-8A40-2206C16CF3B0}.Ad-Hoc|iPhoneSimulator.Build.0 = Release|x86
		{CCF3A701-9477-48B2-8A40-2206C16CF3B0}.Ad-Hoc|iPhoneSimulator.Deploy.0 = Release|x86
		{CCF3A701-9477-48B2-8A40-2206C16CF3B0}.Ad-Hoc|x64.ActiveCfg = Release|x64
		{CCF3A701-9477-48B2-8A40-2206C16CF3B0}.Ad-Hoc|x64.Build.0 = Release|x64
		{CCF3A701-9477-48B2-8A40-2206C16CF3B0}.Ad-Hoc|x64.Deploy.0 = Release|x64
		{CCF3A701-9477-48B2-8A40-2206C16CF3B0}.Ad-Hoc|x86.ActiveCfg = Release|x86
		{CCF3A701-9477-48B2-8A40-2206C16CF3B0}.Ad-Hoc|x86.Build.0 = Release|x86
		{CCF3A701-9477-48B2-8A40-2206C16CF3B0}.Ad-Hoc|x86.Deploy.0 = Release|x86
		{CCF3A701-9477-48B2-8A40-2206C16CF3B0}.AppStore|Any CPU.ActiveCfg = Release|x86
		{CCF3A701-9477-48B2-8A40-2206C16CF3B0}.AppStore|Any CPU.Build.0 = Release|x86
		{CCF3A701-9477-48B2-8A40-2206C16CF3B0}.AppStore|Any CPU.Deploy.0 = Release|x86
		{CCF3A701-9477-48B2-8A40-2206C16CF3B0}.AppStore|ARM.ActiveCfg = Release|ARM
		{CCF3A701-9477-48B2-8A40-2206C16CF3B0}.AppStore|ARM.Build.0 = Release|ARM
		{CCF3A701-9477-48B2-8A40-2206C16CF3B0}.AppStore|ARM.Deploy.0 = Release|ARM
		{CCF3A701-9477-48B2-8A40-2206C16CF3B0}.AppStore|iPhone.ActiveCfg = Release|x86
		{CCF3A701-9477-48B2-8A40-2206C16CF3B0}.AppStore|iPhone.Build.0 = Release|x86
		{CCF3A701-9477-48B2-8A40-2206C16CF3B0}.AppStore|iPhone.Deploy.0 = Release|x86
		{CCF3A701-9477-48B2-8A40-2206C16CF3B0}.AppStore|iPhoneSimulator.ActiveCfg = Release|x86
		{CCF3A701-9477-48B2-8A40-2206C16CF3B0}.AppStore|iPhoneSimulator.Build.0 = Release|x86
		{CCF3A701-9477-48B2-8A40-2206C16CF3B0}.AppStore|iPhoneSimulator.Deploy.0 = Release|x86
		{CCF3A701-9477-48B2-8A40-2206C16CF3B0}.AppStore|x64.ActiveCfg = Release|x64
		{CCF3A701-9477-48B2-8A40-2206C16CF3B0}.AppStore|x64.Build.0 = Release|x64
		{CCF3A701-9477-48B2-8A40-2206C16CF3B0}.AppStore|x64.Deploy.0 = Release|x64
		{CCF3A701-9477-48B2-8A40-2206C16CF3B0}.AppStore|x86.ActiveCfg = Release|x86
		{CCF3A701-9477-48B2-8A40-2206C16CF3B0}.AppStore|x86.Build.0 = Release|x86
		{CCF3A701-9477-48B2-8A40-2206C16CF3B0}.AppStore|x86.Deploy.0 = Release|x86
		{CCF3A701-9477-48B2-8A40-2206C16CF3B0}.Debug|Any CPU.ActiveCfg = Debug|x86
		{CCF3A701-9477-48B2-8A40-2206C16CF3B0}.Debug|ARM.ActiveCfg = Debug|ARM
		{CCF3A701-9477-48B2-8A40-2206C16CF3B0}.Debug|ARM.Build.0 = Debug|ARM
		{CCF3A701-9477-48B2-8A40-2206C16CF3B0}.Debug|ARM.Deploy.0 = Debug|ARM
		{CCF3A701-9477-48B2-8A40-2206C16CF3B0}.Debug|iPhone.ActiveCfg = Debug|x86
		{CCF3A701-9477-48B2-8A40-2206C16CF3B0}.Debug|iPhoneSimulator.ActiveCfg = Debug|x86
		{CCF3A701-9477-48B2-8A40-2206C16CF3B0}.Debug|x64.ActiveCfg = Debug|x64
		{CCF3A701-9477-48B2-8A40-2206C16CF3B0}.Debug|x64.Build.0 = Debug|x64
		{CCF3A701-9477-48B2-8A40-2206C16CF3B0}.Debug|x64.Deploy.0 = Debug|x64
		{CCF3A701-9477-48B2-8A40-2206C16CF3B0}.Debug|x86.ActiveCfg = Debug|x86
		{CCF3A701-9477-48B2-8A40-2206C16CF3B0}.Debug|x86.Build.0 = Debug|x86
		{CCF3A701-9477-48B2-8A40-2206C16CF3B0}.Debug|x86.Deploy.0 = Debug|x86
		{CCF3A701-9477-48B2-8A40-2206C16CF3B0}.Release|Any CPU.ActiveCfg = Release|x86
		{CCF3A701-9477-48B2-8A40-2206C16CF3B0}.Release|ARM.ActiveCfg = Release|ARM
		{CCF3A701-9477-48B2-8A40-2206C16CF3B0}.Release|ARM.Build.0 = Release|ARM
		{CCF3A701-9477-48B2-8A40-2206C16CF3B0}.Release|ARM.Deploy.0 = Release|ARM
		{CCF3A701-9477-48B2-8A40-2206C16CF3B0}.Release|iPhone.ActiveCfg = Release|x86
		{CCF3A701-9477-48B2-8A40-2206C16CF3B0}.Release|iPhoneSimulator.ActiveCfg = Release|x86
		{CCF3A701-9477-48B2-8A40-2206C16CF3B0}.Release|x64.ActiveCfg = Release|x64
		{CCF3A701-9477-48B2-8A40-2206C16CF3B0}.Release|x64.Build.0 = Release|x64
		{CCF3A701-9477-48B2-8A40-2206C16CF3B0}.Release|x64.Deploy.0 = Release|x64
		{CCF3A701-9477-48B2-8A40-2206C16CF3B0}.Release|x86.ActiveCfg = Release|x86
		{CCF3A701-9477-48B2-8A40-2206C16CF3B0}.Release|x86.Build.0 = Release|x86
		{CCF3A701-9477-48B2-8A40-2206C16CF3B0}.Release|x86.Deploy.0 = Release|x86
		{2468953F-6EB8-4009-89BE-4A0B702F1E6F}.Ad-Hoc|Any CPU.ActiveCfg = Debug|Any CPU
		{2468953F-6EB8-4009-89BE-4A0B702F1E6F}.Ad-Hoc|Any CPU.Build.0 = Debug|Any CPU
		{2468953F-6EB8-4009-89BE-4A0B702F1E6F}.Ad-Hoc|ARM.ActiveCfg = Debug|Any CPU
		{2468953F-6EB8-4009-89BE-4A0B702F1E6F}.Ad-Hoc|ARM.Build.0 = Debug|Any CPU
		{2468953F-6EB8-4009-89BE-4A0B702F1E6F}.Ad-Hoc|iPhone.ActiveCfg = Debug|Any CPU
		{2468953F-6EB8-4009-89BE-4A0B702F1E6F}.Ad-Hoc|iPhone.Build.0 = Debug|Any CPU
		{2468953F-6EB8-4009-89BE-4A0B702F1E6F}.Ad-Hoc|iPhoneSimulator.ActiveCfg = Debug|Any CPU
		{2468953F-6EB8-4009-89BE-4A0B702F1E6F}.Ad-Hoc|iPhoneSimulator.Build.0 = Debug|Any CPU
		{2468953F-6EB8-4009-89BE-4A0B702F1E6F}.Ad-Hoc|x64.ActiveCfg = Debug|Any CPU
		{2468953F-6EB8-4009-89BE-4A0B702F1E6F}.Ad-Hoc|x64.Build.0 = Debug|Any CPU
		{2468953F-6EB8-4009-89BE-4A0B702F1E6F}.Ad-Hoc|x86.ActiveCfg = Debug|Any CPU
		{2468953F-6EB8-4009-89BE-4A0B702F1E6F}.Ad-Hoc|x86.Build.0 = Debug|Any CPU
		{2468953F-6EB8-4009-89BE-4A0B702F1E6F}.AppStore|Any CPU.ActiveCfg = Debug|Any CPU
		{2468953F-6EB8-4009-89BE-4A0B702F1E6F}.AppStore|Any CPU.Build.0 = Debug|Any CPU
		{2468953F-6EB8-4009-89BE-4A0B702F1E6F}.AppStore|ARM.ActiveCfg = Debug|Any CPU
		{2468953F-6EB8-4009-89BE-4A0B702F1E6F}.AppStore|ARM.Build.0 = Debug|Any CPU
		{2468953F-6EB8-4009-89BE-4A0B702F1E6F}.AppStore|iPhone.ActiveCfg = Debug|Any CPU
		{2468953F-6EB8-4009-89BE-4A0B702F1E6F}.AppStore|iPhone.Build.0 = Debug|Any CPU
		{2468953F-6EB8-4009-89BE-4A0B702F1E6F}.AppStore|iPhoneSimulator.ActiveCfg = Debug|Any CPU
		{2468953F-6EB8-4009-89BE-4A0B702F1E6F}.AppStore|iPhoneSimulator.Build.0 = Debug|Any CPU
		{2468953F-6EB8-4009-89BE-4A0B702F1E6F}.AppStore|x64.ActiveCfg = Debug|Any CPU
		{2468953F-6EB8-4009-89BE-4A0B702F1E6F}.AppStore|x64.Build.0 = Debug|Any CPU
		{2468953F-6EB8-4009-89BE-4A0B702F1E6F}.AppStore|x86.ActiveCfg = Debug|Any CPU
		{2468953F-6EB8-4009-89BE-4A0B702F1E6F}.AppStore|x86.Build.0 = Debug|Any CPU
		{2468953F-6EB8-4009-89BE-4A0B702F1E6F}.Debug|Any CPU.ActiveCfg = Debug|Any CPU
		{2468953F-6EB8-4009-89BE-4A0B702F1E6F}.Debug|Any CPU.Build.0 = Debug|Any CPU
		{2468953F-6EB8-4009-89BE-4A0B702F1E6F}.Debug|ARM.ActiveCfg = Debug|Any CPU
		{2468953F-6EB8-4009-89BE-4A0B702F1E6F}.Debug|ARM.Build.0 = Debug|Any CPU
		{2468953F-6EB8-4009-89BE-4A0B702F1E6F}.Debug|iPhone.ActiveCfg = Debug|Any CPU
		{2468953F-6EB8-4009-89BE-4A0B702F1E6F}.Debug|iPhone.Build.0 = Debug|Any CPU
		{2468953F-6EB8-4009-89BE-4A0B702F1E6F}.Debug|iPhoneSimulator.ActiveCfg = Debug|Any CPU
		{2468953F-6EB8-4009-89BE-4A0B702F1E6F}.Debug|iPhoneSimulator.Build.0 = Debug|Any CPU
		{2468953F-6EB8-4009-89BE-4A0B702F1E6F}.Debug|x64.ActiveCfg = Debug|Any CPU
		{2468953F-6EB8-4009-89BE-4A0B702F1E6F}.Debug|x64.Build.0 = Debug|Any CPU
		{2468953F-6EB8-4009-89BE-4A0B702F1E6F}.Debug|x86.ActiveCfg = Debug|Any CPU
		{2468953F-6EB8-4009-89BE-4A0B702F1E6F}.Debug|x86.Build.0 = Debug|Any CPU
		{2468953F-6EB8-4009-89BE-4A0B702F1E6F}.Release|Any CPU.ActiveCfg = Release|Any CPU
		{2468953F-6EB8-4009-89BE-4A0B702F1E6F}.Release|Any CPU.Build.0 = Release|Any CPU
		{2468953F-6EB8-4009-89BE-4A0B702F1E6F}.Release|ARM.ActiveCfg = Release|Any CPU
		{2468953F-6EB8-4009-89BE-4A0B702F1E6F}.Release|ARM.Build.0 = Release|Any CPU
		{2468953F-6EB8-4009-89BE-4A0B702F1E6F}.Release|iPhone.ActiveCfg = Release|Any CPU
		{2468953F-6EB8-4009-89BE-4A0B702F1E6F}.Release|iPhone.Build.0 = Release|Any CPU
		{2468953F-6EB8-4009-89BE-4A0B702F1E6F}.Release|iPhoneSimulator.ActiveCfg = Release|Any CPU
		{2468953F-6EB8-4009-89BE-4A0B702F1E6F}.Release|iPhoneSimulator.Build.0 = Release|Any CPU
		{2468953F-6EB8-4009-89BE-4A0B702F1E6F}.Release|x64.ActiveCfg = Release|Any CPU
		{2468953F-6EB8-4009-89BE-4A0B702F1E6F}.Release|x64.Build.0 = Release|Any CPU
		{2468953F-6EB8-4009-89BE-4A0B702F1E6F}.Release|x86.ActiveCfg = Release|Any CPU
		{2468953F-6EB8-4009-89BE-4A0B702F1E6F}.Release|x86.Build.0 = Release|Any CPU
	EndGlobalSection
	GlobalSection(SolutionProperties) = preSolution
		HideSolutionNode = FALSE
	EndGlobalSection
	GlobalSection(ExtensibilityGlobals) = postSolution
		SolutionGuid = {304E4B5A-9949-410F-8035-966589861C85}
	EndGlobalSection
EndGlobal
